// !$*UTF8*$!
{
	archiveVersion = 1;
	classes = {
	};
	objectVersion = 46;
	objects = {

/* Begin PBXBuildFile section */
		3431AE8E1E896DC200A7AE69 /* TaskManager.swift in Sources */ = {isa = PBXBuildFile; fileRef = 3431AE8D1E896DC200A7AE69 /* TaskManager.swift */; };
		3431AE901E896DF200A7AE69 /* DataStorage.swift in Sources */ = {isa = PBXBuildFile; fileRef = 3431AE8F1E896DF200A7AE69 /* DataStorage.swift */; };
		3449E1941E8577E000BDEFFE /* main.swift in Sources */ = {isa = PBXBuildFile; fileRef = 3449E1931E8577E000BDEFFE /* main.swift */; };
		34A8A0E71E865ABC00655501 /* AssignmentManager.swift in Sources */ = {isa = PBXBuildFile; fileRef = 34A8A0E61E865ABC00655501 /* AssignmentManager.swift */; };
		34A8A0E91E865AED00655501 /* Config.swift in Sources */ = {isa = PBXBuildFile; fileRef = 34A8A0E81E865AED00655501 /* Config.swift */; };
/* End PBXBuildFile section */

/* Begin PBXCopyFilesBuildPhase section */
		3449E18E1E8577E000BDEFFE /* CopyFiles */ = {
			isa = PBXCopyFilesBuildPhase;
			buildActionMask = 2147483647;
			dstPath = /usr/share/man/man1/;
			dstSubfolderSpec = 0;
			files = (
			);
			runOnlyForDeploymentPostprocessing = 1;
		};
/* End PBXCopyFilesBuildPhase section */

/* Begin PBXFileReference section */
		3431AE8D1E896DC200A7AE69 /* TaskManager.swift */ = {isa = PBXFileReference; fileEncoding = 4; lastKnownFileType = sourcecode.swift; path = TaskManager.swift; sourceTree = "<group>"; };
		3431AE8F1E896DF200A7AE69 /* DataStorage.swift */ = {isa = PBXFileReference; fileEncoding = 4; lastKnownFileType = sourcecode.swift; path = DataStorage.swift; sourceTree = "<group>"; };
		3449E1901E8577E000BDEFFE /* PPCourseWork1 */ = {isa = PBXFileReference; explicitFileType = "compiled.mach-o.executable"; includeInIndex = 0; path = PPCourseWork1; sourceTree = BUILT_PRODUCTS_DIR; };
		3449E1931E8577E000BDEFFE /* main.swift */ = {isa = PBXFileReference; lastKnownFileType = sourcecode.swift; path = main.swift; sourceTree = "<group>"; };
		34A8A0E61E865ABC00655501 /* AssignmentManager.swift */ = {isa = PBXFileReference; fileEncoding = 4; lastKnownFileType = sourcecode.swift; path = AssignmentManager.swift; sourceTree = "<group>"; };
		34A8A0E81E865AED00655501 /* Config.swift */ = {isa = PBXFileReference; fileEncoding = 4; lastKnownFileType = sourcecode.swift; path = Config.swift; sourceTree = "<group>"; };
/* End PBXFileReference section */

/* Begin PBXFrameworksBuildPhase section */
		3449E18D1E8577E000BDEFFE /* Frameworks */ = {
			isa = PBXFrameworksBuildPhase;
			buildActionMask = 2147483647;
			files = (
			);
			runOnlyForDeploymentPostprocessing = 0;
		};
/* End PBXFrameworksBuildPhase section */

/* Begin PBXGroup section */
		3449E1871E8577E000BDEFFE = {
			isa = PBXGroup;
			children = (
				3449E1921E8577E000BDEFFE /* PPCourseWork1 */,
				3449E1911E8577E000BDEFFE /* Products */,
			);
			sourceTree = "<group>";
		};
		3449E1911E8577E000BDEFFE /* Products */ = {
			isa = PBXGroup;
			children = (
				3449E1901E8577E000BDEFFE /* PPCourseWork1 */,
			);
			name = Products;
			sourceTree = "<group>";
		};
		3449E1921E8577E000BDEFFE /* PPCourseWork1 */ = {
			isa = PBXGroup;
			children = (
				3449E1931E8577E000BDEFFE /* main.swift */,
				34A8A0E61E865ABC00655501 /* AssignmentManager.swift */,
				34A8A0E81E865AED00655501 /* Config.swift */,
				3431AE8F1E896DF200A7AE69 /* DataStorage.swift */,
				3431AE8D1E896DC200A7AE69 /* TaskManager.swift */,
			);
			path = PPCourseWork1;
			sourceTree = "<group>";
		};
/* End PBXGroup section */

/* Begin PBXNativeTarget section */
		3449E18F1E8577E000BDEFFE /* PPCourseWork1 */ = {
			isa = PBXNativeTarget;
			buildConfigurationList = 3449E1971E8577E000BDEFFE /* Build configuration list for PBXNativeTarget "PPCourseWork1" */;
			buildPhases = (
				3449E18C1E8577E000BDEFFE /* Sources */,
				3449E18D1E8577E000BDEFFE /* Frameworks */,
				3449E18E1E8577E000BDEFFE /* CopyFiles */,
			);
			buildRules = (
			);
			dependencies = (
			);
			name = PPCourseWork1;
			productName = PPCourseWork1;
			productReference = 3449E1901E8577E000BDEFFE /* PPCourseWork1 */;
			productType = "com.apple.product-type.tool";
		};
/* End PBXNativeTarget section */

/* Begin PBXProject section */
		3449E1881E8577E000BDEFFE /* Project object */ = {
			isa = PBXProject;
			attributes = {
				LastSwiftUpdateCheck = 0820;
				LastUpgradeCheck = 0820;
				ORGANIZATIONNAME = "Nikita Kirichek";
				TargetAttributes = {
					3449E18F1E8577E000BDEFFE = {
						CreatedOnToolsVersion = 8.2.1;
						DevelopmentTeam = YSVD2VLRXZ;
						ProvisioningStyle = Automatic;
					};
				};
			};
			buildConfigurationList = 3449E18B1E8577E000BDEFFE /* Build configuration list for PBXProject "PPCourseWork1" */;
			compatibilityVersion = "Xcode 3.2";
			developmentRegion = English;
			hasScannedForEncodings = 0;
			knownRegions = (
				en,
			);
			mainGroup = 3449E1871E8577E000BDEFFE;
			productRefGroup = 3449E1911E8577E000BDEFFE /* Products */;
			projectDirPath = "";
			projectRoot = "";
			targets = (
				3449E18F1E8577E000BDEFFE /* PPCourseWork1 */,
			);
		};
/* End PBXProject section */

/* Begin PBXSourcesBuildPhase section */
		3449E18C1E8577E000BDEFFE /* Sources */ = {
			isa = PBXSourcesBuildPhase;
			buildActionMask = 2147483647;
			files = (
				34A8A0E71E865ABC00655501 /* AssignmentManager.swift in Sources */,
				3431AE8E1E896DC200A7AE69 /* TaskManager.swift in Sources */,
				3431AE901E896DF200A7AE69 /* DataStorage.swift in Sources */,
				3449E1941E8577E000BDEFFE /* main.swift in Sources */,
				34A8A0E91E865AED00655501 /* Config.swift in Sources */,
			);
			runOnlyForDeploymentPostprocessing = 0;
		};
/* End PBXSourcesBuildPhase section */

/* Begin XCBuildConfiguration section */
		3449E1951E8577E000BDEFFE /* Debug */ = {
			isa = XCBuildConfiguration;
			buildSettings = {
				ALWAYS_SEARCH_USER_PATHS = NO;
				CLANG_ANALYZER_NONNULL = YES;
				CLANG_CXX_LANGUAGE_STANDARD = "gnu++0x";
				CLANG_CXX_LIBRARY = "libc++";
				CLANG_ENABLE_MODULES = YES;
				CLANG_ENABLE_OBJC_ARC = YES;
				CLANG_WARN_BOOL_CONVERSION = YES;
				CLANG_WARN_CONSTANT_CONVERSION = YES;
				CLANG_WARN_DIRECT_OBJC_ISA_USAGE = YES_ERROR;
				CLANG_WARN_DOCUMENTATION_COMMENTS = YES;
				CLANG_WARN_EMPTY_BODY = YES;
				CLANG_WARN_ENUM_CONVERSION = YES;
				CLANG_WARN_INFINITE_RECURSION = YES;
				CLANG_WARN_INT_CONVERSION = YES;
				CLANG_WARN_OBJC_ROOT_CLASS = YES_ERROR;
				CLANG_WARN_SUSPICIOUS_MOVE = YES;
				CLANG_WARN_UNREACHABLE_CODE = YES;
				CLANG_WARN__DUPLICATE_METHOD_MATCH = YES;
				CODE_SIGN_IDENTITY = "-";
				COPY_PHASE_STRIP = NO;
				DEBUG_INFORMATION_FORMAT = dwarf;
				ENABLE_STRICT_OBJC_MSGSEND = YES;
				ENABLE_TESTABILITY = YES;
				GCC_C_LANGUAGE_STANDARD = gnu99;
				GCC_DYNAMIC_NO_PIC = NO;
				GCC_NO_COMMON_BLOCKS = YES;
				GCC_OPTIMIZATION_LEVEL = 0;
				GCC_PREPROCESSOR_DEFINITIONS = (
					"DEBUG=1",
					"$(inherited)",
				);
				GCC_WARN_64_TO_32_BIT_CONVERSION = YES;
				GCC_WARN_ABOUT_RETURN_TYPE = YES_ERROR;
				GCC_WARN_UNDECLARED_SELECTOR = YES;
				GCC_WARN_UNINITIALIZED_AUTOS = YES_AGGRESSIVE;
				GCC_WARN_UNUSED_FUNCTION = YES;
				GCC_WARN_UNUSED_VARIABLE = YES;
				MACOSX_DEPLOYMENT_TARGET = 10.12;
				MTL_ENABLE_DEBUG_INFO = YES;
				ONLY_ACTIVE_ARCH = YES;
				SDKROOT = macosx;
				SWIFT_OPTIMIZATION_LEVEL = "-Onone";
			};
			name = Debug;
		};
		3449E1961E8577E000BDEFFE /* Release */ = {
			isa = XCBuildConfiguration;
			buildSettings = {
				ALWAYS_SEARCH_USER_PATHS = NO;
				CLANG_ANALYZER_NONNULL = YES;
				CLANG_CXX_LANGUAGE_STANDARD = "gnu++0x";
				CLANG_CXX_LIBRARY = "libc++";
				CLANG_ENABLE_MODULES = YES;
				CLANG_ENABLE_OBJC_ARC = YES;
				CLANG_WARN_BOOL_CONVERSION = YES;
				CLANG_WARN_CONSTANT_CONVERSION = YES;
				CLANG_WARN_DIRECT_OBJC_ISA_USAGE = YES_ERROR;
				CLANG_WARN_DOCUMENTATION_COMMENTS = YES;
				CLANG_WARN_EMPTY_BODY = YES;
				CLANG_WARN_ENUM_CONVERSION = YES;
				CLANG_WARN_INFINITE_RECURSION = YES;
				CLANG_WARN_INT_CONVERSION = YES;
				CLANG_WARN_OBJC_ROOT_CLASS = YES_ERROR;
				CLANG_WARN_SUSPICIOUS_MOVE = YES;
				CLANG_WARN_UNREACHABLE_CODE = YES;
				CLANG_WARN__DUPLICATE_METHOD_MATCH = YES;
				CODE_SIGN_IDENTITY = "-";
				COPY_PHASE_STRIP = NO;
				DEBUG_INFORMATION_FORMAT = "dwarf-with-dsym";
				ENABLE_NS_ASSERTIONS = NO;
				ENABLE_STRICT_OBJC_MSGSEND = YES;
				GCC_C_LANGUAGE_STANDARD = gnu99;
				GCC_NO_COMMON_BLOCKS = YES;
				GCC_WARN_64_TO_32_BIT_CONVERSION = YES;
				GCC_WARN_ABOUT_RETURN_TYPE = YES_ERROR;
				GCC_WARN_UNDECLARED_SELECTOR = YES;
				GCC_WARN_UNINITIALIZED_AUTOS = YES_AGGRESSIVE;
				GCC_WARN_UNUSED_FUNCTION = YES;
				GCC_WARN_UNUSED_VARIABLE = YES;
				MACOSX_DEPLOYMENT_TARGET = 10.12;
				MTL_ENABLE_DEBUG_INFO = NO;
				SDKROOT = macosx;
			};
			name = Release;
		};
		3449E1981E8577E000BDEFFE /* Debug */ = {
			isa = XCBuildConfiguration;
			buildSettings = {
				DEVELOPMENT_TEAM = YSVD2VLRXZ;
				LD_NO_PIE = NO;
				PRODUCT_NAME = "$(TARGET_NAME)";
				SWIFT_VERSION = 3.0;
			};
			name = Debug;
		};
		3449E1991E8577E000BDEFFE /* Release */ = {
			isa = XCBuildConfiguration;
			buildSettings = {
				DEVELOPMENT_TEAM = YSVD2VLRXZ;
				LD_NO_PIE = NO;
				PRODUCT_NAME = "$(TARGET_NAME)";
				SWIFT_VERSION = 3.0;
			};
			name = Release;
		};
/* End XCBuildConfiguration section */

/* Begin XCConfigurationList section */
		3449E18B1E8577E000BDEFFE /* Build configuration list for PBXProject "PPCourseWork1" */ = {
			isa = XCConfigurationList;
			buildConfigurations = (
				3449E1951E8577E000BDEFFE /* Debug */,
				3449E1961E8577E000BDEFFE /* Release */,
			);
			defaultConfigurationIsVisible = 0;
			defaultConfigurationName = Release;
		};
		3449E1971E8577E000BDEFFE /* Build configuration list for PBXNativeTarget "PPCourseWork1" */ = {
			isa = XCConfigurationList;
			buildConfigurations = (
				3449E1981E8577E000BDEFFE /* Debug */,
				3449E1991E8577E000BDEFFE /* Release */,
			);
			defaultConfigurationIsVisible = 0;
			defaultConfigurationName = Release;
		};
/* End XCConfigurationList section */
	};
	rootObject = 3449E1881E8577E000BDEFFE /* Project object */;
}
